// !$*UTF8*$!
{
	archiveVersion = 1;
	classes = {
	};
	objectVersion = 55;
	objects = {

/* Begin PBXBuildFile section */
		450D9BAC28885FB000D5DCAA /* PokeAppApp.swift in Sources */ = {isa = PBXBuildFile; fileRef = 450D9BAB28885FB000D5DCAA /* PokeAppApp.swift */; };
		450D9BAE28885FB000D5DCAA /* PokemonListView.swift in Sources */ = {isa = PBXBuildFile; fileRef = 450D9BAD28885FB000D5DCAA /* PokemonListView.swift */; };
		450D9BB028885FB100D5DCAA /* Assets.xcassets in Resources */ = {isa = PBXBuildFile; fileRef = 450D9BAF28885FB100D5DCAA /* Assets.xcassets */; };
		450D9BB328885FB100D5DCAA /* Preview Assets.xcassets in Resources */ = {isa = PBXBuildFile; fileRef = 450D9BB228885FB100D5DCAA /* Preview Assets.xcassets */; };
		4519BF2B2899512D0031122D /* SplashView.swift in Sources */ = {isa = PBXBuildFile; fileRef = 4519BF2A2899512D0031122D /* SplashView.swift */; };
		4521315329BC8830006DD9D3 /* PokemonService.swift in Sources */ = {isa = PBXBuildFile; fileRef = 4521315229BC8830006DD9D3 /* PokemonService.swift */; };
		454ADD6A28894F290067C1C5 /* PokemonRowView.swift in Sources */ = {isa = PBXBuildFile; fileRef = 454ADD6928894F290067C1C5 /* PokemonRowView.swift */; };
		4586725F288863BD00D9236D /* PokeAppModel.swift in Sources */ = {isa = PBXBuildFile; fileRef = 4586725E288863BD00D9236D /* PokeAppModel.swift */; };
		458672612888640C00D9236D /* PokeAppViewModel.swift in Sources */ = {isa = PBXBuildFile; fileRef = 458672602888640C00D9236D /* PokeAppViewModel.swift */; };
		45867263288866FC00D9236D /* PokemonDetailsView.swift in Sources */ = {isa = PBXBuildFile; fileRef = 45867262288866FC00D9236D /* PokemonDetailsView.swift */; };
		45B40F3C29BFB263003788FC /* PokeAPI.swift in Sources */ = {isa = PBXBuildFile; fileRef = 45B40F3B29BFB263003788FC /* PokeAPI.swift */; };
		45B40F3E29BFB5FB003788FC /* PokeAPIProtocol.swift in Sources */ = {isa = PBXBuildFile; fileRef = 45B40F3D29BFB5FB003788FC /* PokeAPIProtocol.swift */; };
/* End PBXBuildFile section */

/* Begin PBXFileReference section */
		450D9BA828885FB000D5DCAA /* PokeApp.app */ = {isa = PBXFileReference; explicitFileType = wrapper.application; includeInIndex = 0; path = PokeApp.app; sourceTree = BUILT_PRODUCTS_DIR; };
		450D9BAB28885FB000D5DCAA /* PokeAppApp.swift */ = {isa = PBXFileReference; lastKnownFileType = sourcecode.swift; path = PokeAppApp.swift; sourceTree = "<group>"; };
		450D9BAD28885FB000D5DCAA /* PokemonListView.swift */ = {isa = PBXFileReference; lastKnownFileType = sourcecode.swift; path = PokemonListView.swift; sourceTree = "<group>"; };
		450D9BAF28885FB100D5DCAA /* Assets.xcassets */ = {isa = PBXFileReference; lastKnownFileType = folder.assetcatalog; path = Assets.xcassets; sourceTree = "<group>"; };
		450D9BB228885FB100D5DCAA /* Preview Assets.xcassets */ = {isa = PBXFileReference; lastKnownFileType = folder.assetcatalog; path = "Preview Assets.xcassets"; sourceTree = "<group>"; };
		4519BF2A2899512D0031122D /* SplashView.swift */ = {isa = PBXFileReference; lastKnownFileType = sourcecode.swift; path = SplashView.swift; sourceTree = "<group>"; };
		4521315229BC8830006DD9D3 /* PokemonService.swift */ = {isa = PBXFileReference; lastKnownFileType = sourcecode.swift; path = PokemonService.swift; sourceTree = "<group>"; };
		454ADD6928894F290067C1C5 /* PokemonRowView.swift */ = {isa = PBXFileReference; fileEncoding = 4; lastKnownFileType = sourcecode.swift; path = PokemonRowView.swift; sourceTree = "<group>"; };
		454ADD78288952820067C1C5 /* Info.plist */ = {isa = PBXFileReference; lastKnownFileType = text.plist; path = Info.plist; sourceTree = "<group>"; };
		4586725E288863BD00D9236D /* PokeAppModel.swift */ = {isa = PBXFileReference; lastKnownFileType = sourcecode.swift; path = PokeAppModel.swift; sourceTree = "<group>"; };
		458672602888640C00D9236D /* PokeAppViewModel.swift */ = {isa = PBXFileReference; lastKnownFileType = sourcecode.swift; path = PokeAppViewModel.swift; sourceTree = "<group>"; };
		45867262288866FC00D9236D /* PokemonDetailsView.swift */ = {isa = PBXFileReference; lastKnownFileType = sourcecode.swift; path = PokemonDetailsView.swift; sourceTree = "<group>"; };
		45B40F3B29BFB263003788FC /* PokeAPI.swift */ = {isa = PBXFileReference; lastKnownFileType = sourcecode.swift; path = PokeAPI.swift; sourceTree = "<group>"; };
		45B40F3D29BFB5FB003788FC /* PokeAPIProtocol.swift */ = {isa = PBXFileReference; lastKnownFileType = sourcecode.swift; path = PokeAPIProtocol.swift; sourceTree = "<group>"; };
/* End PBXFileReference section */

/* Begin PBXFrameworksBuildPhase section */
		450D9BA528885FB000D5DCAA /* Frameworks */ = {
			isa = PBXFrameworksBuildPhase;
			buildActionMask = 2147483647;
			files = (
			);
			runOnlyForDeploymentPostprocessing = 0;
		};
/* End PBXFrameworksBuildPhase section */

/* Begin PBXGroup section */
		450D9B9F28885FB000D5DCAA = {
			isa = PBXGroup;
			children = (
				450D9BAA28885FB000D5DCAA /* PokeApp */,
				450D9BA928885FB000D5DCAA /* Products */,
			);
			sourceTree = "<group>";
		};
		450D9BA928885FB000D5DCAA /* Products */ = {
			isa = PBXGroup;
			children = (
				450D9BA828885FB000D5DCAA /* PokeApp.app */,
			);
			name = Products;
			sourceTree = "<group>";
		};
		450D9BAA28885FB000D5DCAA /* PokeApp */ = {
			isa = PBXGroup;
			children = (
				454ADD78288952820067C1C5 /* Info.plist */,
				450D9BAB28885FB000D5DCAA /* PokeAppApp.swift */,
				45F85E4C289984F50025117C /* Model */,
				45F85E4D289985020025117C /* View */,
				4521315429BC888E006DD9D3 /* ViewModel */,
				4521315529BC889D006DD9D3 /* Service */,
				450D9BAF28885FB100D5DCAA /* Assets.xcassets */,
				450D9BB128885FB100D5DCAA /* Preview Content */,
			);
			path = PokeApp;
			sourceTree = "<group>";
		};
		450D9BB128885FB100D5DCAA /* Preview Content */ = {
			isa = PBXGroup;
			children = (
				450D9BB228885FB100D5DCAA /* Preview Assets.xcassets */,
			);
			path = "Preview Content";
			sourceTree = "<group>";
		};
		4521315429BC888E006DD9D3 /* ViewModel */ = {
			isa = PBXGroup;
			children = (
				458672602888640C00D9236D /* PokeAppViewModel.swift */,
			);
			path = ViewModel;
			sourceTree = "<group>";
		};
		4521315529BC889D006DD9D3 /* Service */ = {
			isa = PBXGroup;
			children = (
				4521315229BC8830006DD9D3 /* PokemonService.swift */,
				45B40F3D29BFB5FB003788FC /* PokeAPIProtocol.swift */,
				45B40F3B29BFB263003788FC /* PokeAPI.swift */,
			);
			path = Service;
			sourceTree = "<group>";
		};
		45F85E4C289984F50025117C /* Model */ = {
			isa = PBXGroup;
			children = (
				4586725E288863BD00D9236D /* PokeAppModel.swift */,
			);
			path = Model;
			sourceTree = "<group>";
		};
		45F85E4D289985020025117C /* View */ = {
			isa = PBXGroup;
			children = (
				4519BF2A2899512D0031122D /* SplashView.swift */,
				450D9BAD28885FB000D5DCAA /* PokemonListView.swift */,
				454ADD6928894F290067C1C5 /* PokemonRowView.swift */,
				45867262288866FC00D9236D /* PokemonDetailsView.swift */,
			);
			path = View;
			sourceTree = "<group>";
		};
/* End PBXGroup section */

/* Begin PBXNativeTarget section */
		450D9BA728885FB000D5DCAA /* PokeApp */ = {
			isa = PBXNativeTarget;
			buildConfigurationList = 450D9BB628885FB100D5DCAA /* Build configuration list for PBXNativeTarget "PokeApp" */;
			buildPhases = (
				450D9BA428885FB000D5DCAA /* Sources */,
				450D9BA528885FB000D5DCAA /* Frameworks */,
				450D9BA628885FB000D5DCAA /* Resources */,
			);
			buildRules = (
			);
			dependencies = (
			);
			name = PokeApp;
			packageProductDependencies = (
			);
			productName = PokeApp;
			productReference = 450D9BA828885FB000D5DCAA /* PokeApp.app */;
			productType = "com.apple.product-type.application";
		};
/* End PBXNativeTarget section */

/* Begin PBXProject section */
		450D9BA028885FB000D5DCAA /* Project object */ = {
			isa = PBXProject;
			attributes = {
				BuildIndependentTargetsInParallel = 1;
				LastSwiftUpdateCheck = 1340;
				LastUpgradeCheck = 1340;
				TargetAttributes = {
					450D9BA728885FB000D5DCAA = {
						CreatedOnToolsVersion = 13.4;
					};
				};
			};
			buildConfigurationList = 450D9BA328885FB000D5DCAA /* Build configuration list for PBXProject "PokeApp" */;
			compatibilityVersion = "Xcode 13.0";
			developmentRegion = en;
			hasScannedForEncodings = 0;
			knownRegions = (
				en,
				Base,
			);
			mainGroup = 450D9B9F28885FB000D5DCAA;
			packageReferences = (
			);
			productRefGroup = 450D9BA928885FB000D5DCAA /* Products */;
			projectDirPath = "";
			projectRoot = "";
			targets = (
				450D9BA728885FB000D5DCAA /* PokeApp */,
			);
		};
/* End PBXProject section */

/* Begin PBXResourcesBuildPhase section */
		450D9BA628885FB000D5DCAA /* Resources */ = {
			isa = PBXResourcesBuildPhase;
			buildActionMask = 2147483647;
			files = (
				450D9BB328885FB100D5DCAA /* Preview Assets.xcassets in Resources */,
				450D9BB028885FB100D5DCAA /* Assets.xcassets in Resources */,
			);
			runOnlyForDeploymentPostprocessing = 0;
		};
/* End PBXResourcesBuildPhase section */

/* Begin PBXSourcesBuildPhase section */
		450D9BA428885FB000D5DCAA /* Sources */ = {
			isa = PBXSourcesBuildPhase;
			buildActionMask = 2147483647;
			files = (
				450D9BAE28885FB000D5DCAA /* PokemonListView.swift in Sources */,
				45B40F3E29BFB5FB003788FC /* PokeAPIProtocol.swift in Sources */,
				4521315329BC8830006DD9D3 /* PokemonService.swift in Sources */,
				454ADD6A28894F290067C1C5 /* PokemonRowView.swift in Sources */,
				45B40F3C29BFB263003788FC /* PokeAPI.swift in Sources */,
				458672612888640C00D9236D /* PokeAppViewModel.swift in Sources */,
				45867263288866FC00D9236D /* PokemonDetailsView.swift in Sources */,
				450D9BAC28885FB000D5DCAA /* PokeAppApp.swift in Sources */,
				4586725F288863BD00D9236D /* PokeAppModel.swift in Sources */,
				4519BF2B2899512D0031122D /* SplashView.swift in Sources */,
			);
			runOnlyForDeploymentPostprocessing = 0;
		};
/* End PBXSourcesBuildPhase section */

/* Begin XCBuildConfiguration section */
		450D9BB428885FB100D5DCAA /* Debug */ = {
			isa = XCBuildConfiguration;
			buildSettings = {
				ALWAYS_SEARCH_USER_PATHS = NO;
				CLANG_ANALYZER_NONNULL = YES;
				CLANG_ANALYZER_NUMBER_OBJECT_CONVERSION = YES_AGGRESSIVE;
				CLANG_CXX_LANGUAGE_STANDARD = "gnu++17";
				CLANG_ENABLE_MODULES = YES;
				CLANG_ENABLE_OBJC_ARC = YES;
				CLANG_ENABLE_OBJC_WEAK = YES;
				CLANG_WARN_BLOCK_CAPTURE_AUTORELEASING = YES;
				CLANG_WARN_BOOL_CONVERSION = YES;
				CLANG_WARN_COMMA = YES;
				CLANG_WARN_CONSTANT_CONVERSION = YES;
				CLANG_WARN_DEPRECATED_OBJC_IMPLEMENTATIONS = YES;
				CLANG_WARN_DIRECT_OBJC_ISA_USAGE = YES_ERROR;
				CLANG_WARN_DOCUMENTATION_COMMENTS = YES;
				CLANG_WARN_EMPTY_BODY = YES;
				CLANG_WARN_ENUM_CONVERSION = YES;
				CLANG_WARN_INFINITE_RECURSION = YES;
				CLANG_WARN_INT_CONVERSION = YES;
				CLANG_WARN_NON_LITERAL_NULL_CONVERSION = YES;
				CLANG_WARN_OBJC_IMPLICIT_RETAIN_SELF = YES;
				CLANG_WARN_OBJC_LITERAL_CONVERSION = YES;
				CLANG_WARN_OBJC_ROOT_CLASS = YES_ERROR;
				CLANG_WARN_QUOTED_INCLUDE_IN_FRAMEWORK_HEADER = YES;
				CLANG_WARN_RANGE_LOOP_ANALYSIS = YES;
				CLANG_WARN_STRICT_PROTOTYPES = YES;
				CLANG_WARN_SUSPICIOUS_MOVE = YES;
				CLANG_WARN_UNGUARDED_AVAILABILITY = YES_AGGRESSIVE;
				CLANG_WARN_UNREACHABLE_CODE = YES;
				CLANG_WARN__DUPLICATE_METHOD_MATCH = YES;
				COPY_PHASE_STRIP = NO;
				DEBUG_INFORMATION_FORMAT = dwarf;
				ENABLE_STRICT_OBJC_MSGSEND = YES;
				ENABLE_TESTABILITY = YES;
				GCC_C_LANGUAGE_STANDARD = gnu11;
				GCC_DYNAMIC_NO_PIC = NO;
				GCC_NO_COMMON_BLOCKS = YES;
				GCC_OPTIMIZATION_LEVEL = 0;
				GCC_PREPROCESSOR_DEFINITIONS = (
					"DEBUG=1",
					"$(inherited)",
				);
				GCC_WARN_64_TO_32_BIT_CONVERSION = YES;
				GCC_WARN_ABOUT_RETURN_TYPE = YES_ERROR;
				GCC_WARN_UNDECLARED_SELECTOR = YES;
				GCC_WARN_UNINITIALIZED_AUTOS = YES_AGGRESSIVE;
				GCC_WARN_UNUSED_FUNCTION = YES;
				GCC_WARN_UNUSED_VARIABLE = YES;
				IPHONEOS_DEPLOYMENT_TARGET = 15.5;
				MTL_ENABLE_DEBUG_INFO = INCLUDE_SOURCE;
				MTL_FAST_MATH = YES;
				ONLY_ACTIVE_ARCH = YES;
				SDKROOT = iphoneos;
				SWIFT_ACTIVE_COMPILATION_CONDITIONS = DEBUG;
				SWIFT_OPTIMIZATION_LEVEL = "-Onone";
			};
			name = Debug;
		};
		450D9BB528885FB100D5DCAA /* Release */ = {
			isa = XCBuildConfiguration;
			buildSettings = {
				ALWAYS_SEARCH_USER_PATHS = NO;
				CLANG_ANALYZER_NONNULL = YES;
				CLANG_ANALYZER_NUMBER_OBJECT_CONVERSION = YES_AGGRESSIVE;
				CLANG_CXX_LANGUAGE_STANDARD = "gnu++17";
				CLANG_ENABLE_MODULES = YES;
				CLANG_ENABLE_OBJC_ARC = YES;
				CLANG_ENABLE_OBJC_WEAK = YES;
				CLANG_WARN_BLOCK_CAPTURE_AUTORELEASING = YES;
				CLANG_WARN_BOOL_CONVERSION = YES;
				CLANG_WARN_COMMA = YES;
				CLANG_WARN_CONSTANT_CONVERSION = YES;
				CLANG_WARN_DEPRECATED_OBJC_IMPLEMENTATIONS = YES;
				CLANG_WARN_DIRECT_OBJC_ISA_USAGE = YES_ERROR;
				CLANG_WARN_DOCUMENTATION_COMMENTS = YES;
				CLANG_WARN_EMPTY_BODY = YES;
				CLANG_WARN_ENUM_CONVERSION = YES;
				CLANG_WARN_INFINITE_RECURSION = YES;
				CLANG_WARN_INT_CONVERSION = YES;
				CLANG_WARN_NON_LITERAL_NULL_CONVERSION = YES;
				CLANG_WARN_OBJC_IMPLICIT_RETAIN_SELF = YES;
				CLANG_WARN_OBJC_LITERAL_CONVERSION = YES;
				CLANG_WARN_OBJC_ROOT_CLASS = YES_ERROR;
				CLANG_WARN_QUOTED_INCLUDE_IN_FRAMEWORK_HEADER = YES;
				CLANG_WARN_RANGE_LOOP_ANALYSIS = YES;
				CLANG_WARN_STRICT_PROTOTYPES = YES;
				CLANG_WARN_SUSPICIOUS_MOVE = YES;
				CLANG_WARN_UNGUARDED_AVAILABILITY = YES_AGGRESSIVE;
				CLANG_WARN_UNREACHABLE_CODE = YES;
				CLANG_WARN__DUPLICATE_METHOD_MATCH = YES;
				COPY_PHASE_STRIP = NO;
				DEBUG_INFORMATION_FORMAT = "dwarf-with-dsym";
				ENABLE_NS_ASSERTIONS = NO;
				ENABLE_STRICT_OBJC_MSGSEND = YES;
				GCC_C_LANGUAGE_STANDARD = gnu11;
				GCC_NO_COMMON_BLOCKS = YES;
				GCC_WARN_64_TO_32_BIT_CONVERSION = YES;
				GCC_WARN_ABOUT_RETURN_TYPE = YES_ERROR;
				GCC_WARN_UNDECLARED_SELECTOR = YES;
				GCC_WARN_UNINITIALIZED_AUTOS = YES_AGGRESSIVE;
				GCC_WARN_UNUSED_FUNCTION = YES;
				GCC_WARN_UNUSED_VARIABLE = YES;
				IPHONEOS_DEPLOYMENT_TARGET = 15.5;
				MTL_ENABLE_DEBUG_INFO = NO;
				MTL_FAST_MATH = YES;
				SDKROOT = iphoneos;
				SWIFT_COMPILATION_MODE = wholemodule;
				SWIFT_OPTIMIZATION_LEVEL = "-O";
				VALIDATE_PRODUCT = YES;
			};
			name = Release;
		};
		450D9BB728885FB100D5DCAA /* Debug */ = {
			isa = XCBuildConfiguration;
			buildSettings = {
				ASSETCATALOG_COMPILER_APPICON_NAME = AppIcon;
				ASSETCATALOG_COMPILER_GLOBAL_ACCENT_COLOR_NAME = AccentColor;
				CODE_SIGN_STYLE = Automatic;
				CURRENT_PROJECT_VERSION = 1;
				DEVELOPMENT_ASSET_PATHS = "\"PokeApp/Preview Content\"";
				DEVELOPMENT_TEAM = 6A7T62L69W;
				ENABLE_PREVIEWS = YES;
				GENERATE_INFOPLIST_FILE = YES;
				INFOPLIST_FILE = PokeApp/Info.plist;
				INFOPLIST_KEY_UIApplicationSceneManifest_Generation = YES;
				INFOPLIST_KEY_UIApplicationSupportsIndirectInputEvents = YES;
				INFOPLIST_KEY_UILaunchStoryboardName = "Launch Screen";
				INFOPLIST_KEY_UISupportedInterfaceOrientations = UIInterfaceOrientationPortrait;
				INFOPLIST_KEY_UISupportedInterfaceOrientations_iPad = "UIInterfaceOrientationPortrait UIInterfaceOrientationPortraitUpsideDown UIInterfaceOrientationLandscapeLeft UIInterfaceOrientationLandscapeRight";
				INFOPLIST_KEY_UISupportedInterfaceOrientations_iPhone = "UIInterfaceOrientationPortrait UIInterfaceOrientationLandscapeLeft UIInterfaceOrientationLandscapeRight";
				IPHONEOS_DEPLOYMENT_TARGET = 15.5;
				LD_RUNPATH_SEARCH_PATHS = (
					"$(inherited)",
					"@executable_path/Frameworks",
				);
				MARKETING_VERSION = 1.0;
				PRODUCT_BUNDLE_IDENTIFIER = igorlopatka.PokeApp;
				PRODUCT_NAME = "$(TARGET_NAME)";
				SWIFT_EMIT_LOC_STRINGS = YES;
				SWIFT_VERSION = 5.0;
				TARGETED_DEVICE_FAMILY = "1,2";
			};
			name = Debug;
		};
		450D9BB828885FB100D5DCAA /* Release */ = {
			isa = XCBuildConfiguration;
			buildSettings = {
				ASSETCATALOG_COMPILER_APPICON_NAME = AppIcon;
				ASSETCATALOG_COMPILER_GLOBAL_ACCENT_COLOR_NAME = AccentColor;
				CODE_SIGN_STYLE = Automatic;
				CURRENT_PROJECT_VERSION = 1;
				DEVELOPMENT_ASSET_PATHS = "\"PokeApp/Preview Content\"";
				DEVELOPMENT_TEAM = 6A7T62L69W;
				ENABLE_PREVIEWS = YES;
				GENERATE_INFOPLIST_FILE = YES;
				INFOPLIST_FILE = PokeApp/Info.plist;
				INFOPLIST_KEY_UIApplicationSceneManifest_Generation = YES;
				INFOPLIST_KEY_UIApplicationSupportsIndirectInputEvents = YES;
				INFOPLIST_KEY_UILaunchStoryboardName = "Launch Screen";
				INFOPLIST_KEY_UISupportedInterfaceOrientations = UIInterfaceOrientationPortrait;
				INFOPLIST_KEY_UISupportedInterfaceOrientations_iPad = "UIInterfaceOrientationPortrait UIInterfaceOrientationPortraitUpsideDown UIInterfaceOrientationLandscapeLeft UIInterfaceOrientationLandscapeRight";
				INFOPLIST_KEY_UISupportedInterfaceOrientations_iPhone = "UIInterfaceOrientationPortrait UIInterfaceOrientationLandscapeLeft UIInterfaceOrientationLandscapeRight";
				IPHONEOS_DEPLOYMENT_TARGET = 15.5;
				LD_RUNPATH_SEARCH_PATHS = (
					"$(inherited)",
					"@executable_path/Frameworks",
				);
				MARKETING_VERSION = 1.0;
				PRODUCT_BUNDLE_IDENTIFIER = igorlopatka.PokeApp;
				PRODUCT_NAME = "$(TARGET_NAME)";
				SWIFT_EMIT_LOC_STRINGS = YES;
				SWIFT_VERSION = 5.0;
				TARGETED_DEVICE_FAMILY = "1,2";
			};
			name = Release;
		};
/* End XCBuildConfiguration section */

/* Begin XCConfigurationList section */
		450D9BA328885FB000D5DCAA /* Build configuration list for PBXProject "PokeApp" */ = {
			isa = XCConfigurationList;
			buildConfigurations = (
				450D9BB428885FB100D5DCAA /* Debug */,
				450D9BB528885FB100D5DCAA /* Release */,
			);
			defaultConfigurationIsVisible = 0;
			defaultConfigurationName = Release;
		};
		450D9BB628885FB100D5DCAA /* Build configuration list for PBXNativeTarget "PokeApp" */ = {
			isa = XCConfigurationList;
			buildConfigurations = (
				450D9BB728885FB100D5DCAA /* Debug */,
				450D9BB828885FB100D5DCAA /* Release */,
			);
			defaultConfigurationIsVisible = 0;
			defaultConfigurationName = Release;
		};
/* End XCConfigurationList section */
	};
	rootObject = 450D9BA028885FB000D5DCAA /* Project object */;
}
